{
  "requires": true,
  "lockfileVersion": 1,
  "dependencies": {
    "iteration": {
      "version": "0.0.0",
      "resolved": "https://registry.npmjs.org/iteration/-/iteration-0.0.0.tgz",
      "integrity": "sha1-9/hPFUPT5G8nR336wd5M5+MBcHo="
    },
    "pil": {
      "version": "0.1.1",
      "resolved": "https://registry.npmjs.org/pil/-/pil-0.1.1.tgz",
      "integrity": "sha1-DUFOYHxqyTjcWegriOKDdDejlY4="
    }
  }
}
